
Microsoft Visual Studio Solution File, Format Version 12.00
# Blend for Visual Studio Version 16
VisualStudioVersion = 16.0.29102.190
MinimumVisualStudioVersion = 10.0.40219.1
Project("{FAE04EC0-301F-11D3-BF4B-00C04F79EFBC}") = "WpfApp1", "WpfApp1\WpfApp1.csproj", "{60E3EAC4-8C25-403B-BF04-5C7AC8A28396}"
EndProject
Global
	GlobalSection(SolutionConfigurationPlatforms) = preSolution
		Debug|Any CPU = Debug|Any CPU
		Release|Any CPU = Release|Any CPU
	EndGlobalSection
	GlobalSection(ProjectConfigurationPlatforms) = postSolution
		{60E3EAC4-8C25-403B-BF04-5C7AC8A28396}.Debug|Any CPU.ActiveCfg = Debug|Any CPU
		{60E3EAC4-8C25-403B-BF04-5C7AC8A28396}.Debug|Any CPU.Build.0 = Debug|Any CPU
		{60E3EAC4-8C25-403B-BF04-5C7AC8A28396}.Release|Any CPU.ActiveCfg = Release|Any CPU
		{60E3EAC4-8C25-403B-BF04-5C7AC8A28396}.Release|Any CPU.Build.0 = Release|Any CPU
	EndGlobalSection
	GlobalSection(SolutionProperties) = preSolution
		HideSolutionNode = FALSE
	EndGlobalSection
	GlobalSection(ExtensibilityGlobals) = postSolution
		SolutionGuid = {19D05EF0-88C7-47A3-BADA-754EB91BF3D3}
	EndGlobalSection
EndGlobal
